
Microsoft Visual Studio Solution File, Format Version 12.00
Project("{2150E333-8FDC-42A3-9474-1A3956D46DE8}") = "Domain", "Domain", "{B89FFBD0-99C5-49C0-AC2A-EDC5DC905043}"
EndProject
Project("{2150E333-8FDC-42A3-9474-1A3956D46DE8}") = "Infrastructure", "Infrastructure", "{8BD78689-FF19-485D-89AB-8300AFD291AC}"
EndProject
Project("{2150E333-8FDC-42A3-9474-1A3956D46DE8}") = "Application", "Application", "{DC4418F6-B590-459C-AF17-032C1957B63F}"
EndProject
Project("{2150E333-8FDC-42A3-9474-1A3956D46DE8}") = "Presentation", "Presentation", "{CFE9DEAE-7A6F-4B0B-BB5C-DD6FE0EF8F37}"
EndProject
Project("{FAE04EC0-301F-11D3-BF4B-00C04F79EFBC}") = "Contracts", "Contracts\Contracts.csproj", "{C4233184-FACC-4E51-B0B7-AFE908AFED5E}"
EndProject
Project("{FAE04EC0-301F-11D3-BF4B-00C04F79EFBC}") = "Abstractions", "Abstractions\Abstractions.csproj", "{81F28040-EA93-4259-8A32-7281E6EE94E8}"
EndProject
Project("{FAE04EC0-301F-11D3-BF4B-00C04F79EFBC}") = "Entities", "Entities\Entities.csproj", "{209EDFF3-3269-4C7A-A556-E3C56B16C97D}"
EndProject
Project("{FAE04EC0-301F-11D3-BF4B-00C04F79EFBC}") = "Application", "Application\Application.csproj", "{E5405A08-7612-4EBA-A321-D7566476B796}"
EndProject
Project("{FAE04EC0-301F-11D3-BF4B-00C04F79EFBC}") = "DataAccess", "DataAccess\DataAccess.csproj", "{0FE727C3-2CA0-4F28-B0D2-B399696A2014}"
EndProject
Project("{FAE04EC0-301F-11D3-BF4B-00C04F79EFBC}") = "EndpointsDto", "EndpointsDto\EndpointsDto.csproj", "{F25DB275-1052-433A-888B-FD3F73662840}"
EndProject
Project("{FAE04EC0-301F-11D3-BF4B-00C04F79EFBC}") = "Controllers", "Controllers\Controllers.csproj", "{E54F1680-B833-4814-98E5-547DCAEF4BF6}"
EndProject
Global
	GlobalSection(SolutionConfigurationPlatforms) = preSolution
		Debug|Any CPU = Debug|Any CPU
		Release|Any CPU = Release|Any CPU
	EndGlobalSection
	GlobalSection(ProjectConfigurationPlatforms) = postSolution
		{C4233184-FACC-4E51-B0B7-AFE908AFED5E}.Debug|Any CPU.ActiveCfg = Debug|Any CPU
		{C4233184-FACC-4E51-B0B7-AFE908AFED5E}.Debug|Any CPU.Build.0 = Debug|Any CPU
		{C4233184-FACC-4E51-B0B7-AFE908AFED5E}.Release|Any CPU.ActiveCfg = Release|Any CPU
		{C4233184-FACC-4E51-B0B7-AFE908AFED5E}.Release|Any CPU.Build.0 = Release|Any CPU
		{81F28040-EA93-4259-8A32-7281E6EE94E8}.Debug|Any CPU.ActiveCfg = Debug|Any CPU
		{81F28040-EA93-4259-8A32-7281E6EE94E8}.Debug|Any CPU.Build.0 = Debug|Any CPU
		{81F28040-EA93-4259-8A32-7281E6EE94E8}.Release|Any CPU.ActiveCfg = Release|Any CPU
		{81F28040-EA93-4259-8A32-7281E6EE94E8}.Release|Any CPU.Build.0 = Release|Any CPU
		{209EDFF3-3269-4C7A-A556-E3C56B16C97D}.Debug|Any CPU.ActiveCfg = Debug|Any CPU
		{209EDFF3-3269-4C7A-A556-E3C56B16C97D}.Debug|Any CPU.Build.0 = Debug|Any CPU
		{209EDFF3-3269-4C7A-A556-E3C56B16C97D}.Release|Any CPU.ActiveCfg = Release|Any CPU
		{209EDFF3-3269-4C7A-A556-E3C56B16C97D}.Release|Any CPU.Build.0 = Release|Any CPU
		{E5405A08-7612-4EBA-A321-D7566476B796}.Debug|Any CPU.ActiveCfg = Debug|Any CPU
		{E5405A08-7612-4EBA-A321-D7566476B796}.Debug|Any CPU.Build.0 = Debug|Any CPU
		{E5405A08-7612-4EBA-A321-D7566476B796}.Release|Any CPU.ActiveCfg = Release|Any CPU
		{E5405A08-7612-4EBA-A321-D7566476B796}.Release|Any CPU.Build.0 = Release|Any CPU
		{0FE727C3-2CA0-4F28-B0D2-B399696A2014}.Debug|Any CPU.ActiveCfg = Debug|Any CPU
		{0FE727C3-2CA0-4F28-B0D2-B399696A2014}.Debug|Any CPU.Build.0 = Debug|Any CPU
		{0FE727C3-2CA0-4F28-B0D2-B399696A2014}.Release|Any CPU.ActiveCfg = Release|Any CPU
		{0FE727C3-2CA0-4F28-B0D2-B399696A2014}.Release|Any CPU.Build.0 = Release|Any CPU
		{F25DB275-1052-433A-888B-FD3F73662840}.Debug|Any CPU.ActiveCfg = Debug|Any CPU
		{F25DB275-1052-433A-888B-FD3F73662840}.Debug|Any CPU.Build.0 = Debug|Any CPU
		{F25DB275-1052-433A-888B-FD3F73662840}.Release|Any CPU.ActiveCfg = Release|Any CPU
		{F25DB275-1052-433A-888B-FD3F73662840}.Release|Any CPU.Build.0 = Release|Any CPU
		{E54F1680-B833-4814-98E5-547DCAEF4BF6}.Debug|Any CPU.ActiveCfg = Debug|Any CPU
		{E54F1680-B833-4814-98E5-547DCAEF4BF6}.Debug|Any CPU.Build.0 = Debug|Any CPU
		{E54F1680-B833-4814-98E5-547DCAEF4BF6}.Release|Any CPU.ActiveCfg = Release|Any CPU
		{E54F1680-B833-4814-98E5-547DCAEF4BF6}.Release|Any CPU.Build.0 = Release|Any CPU
	EndGlobalSection
	GlobalSection(NestedProjects) = preSolution
		{C4233184-FACC-4E51-B0B7-AFE908AFED5E} = {B89FFBD0-99C5-49C0-AC2A-EDC5DC905043}
		{81F28040-EA93-4259-8A32-7281E6EE94E8} = {B89FFBD0-99C5-49C0-AC2A-EDC5DC905043}
		{209EDFF3-3269-4C7A-A556-E3C56B16C97D} = {B89FFBD0-99C5-49C0-AC2A-EDC5DC905043}
		{E5405A08-7612-4EBA-A321-D7566476B796} = {B89FFBD0-99C5-49C0-AC2A-EDC5DC905043}
		{0FE727C3-2CA0-4F28-B0D2-B399696A2014} = {8BD78689-FF19-485D-89AB-8300AFD291AC}
		{F25DB275-1052-433A-888B-FD3F73662840} = {CFE9DEAE-7A6F-4B0B-BB5C-DD6FE0EF8F37}
		{E54F1680-B833-4814-98E5-547DCAEF4BF6} = {CFE9DEAE-7A6F-4B0B-BB5C-DD6FE0EF8F37}
	EndGlobalSection
EndGlobal
